
Microsoft Visual Studio Solution File, Format Version 12.00
# Visual Studio Version 17
VisualStudioVersion = 17.10.35122.118
MinimumVisualStudioVersion = 10.0.40219.1
Project("{FAE04EC0-301F-11D3-BF4B-00C04F79EFBC}") = "Assignment1", "Assignment1.csproj", "{0D568E76-53A1-4C9B-939D-9276B4C1676C}"
EndProject
Global
	GlobalSection(SolutionConfigurationPlatforms) = preSolution
		Debug|Any CPU = Debug|Any CPU
		Release|Any CPU = Release|Any CPU
	EndGlobalSection
	GlobalSection(ProjectConfigurationPlatforms) = postSolution
		{0D568E76-53A1-4C9B-939D-9276B4C1676C}.Debug|Any CPU.ActiveCfg = Debug|Any CPU
		{0D568E76-53A1-4C9B-939D-9276B4C1676C}.Debug|Any CPU.Build.0 = Debug|Any CPU
		{0D568E76-53A1-4C9B-939D-9276B4C1676C}.Release|Any CPU.ActiveCfg = Release|Any CPU
		{0D568E76-53A1-4C9B-939D-9276B4C1676C}.Release|Any CPU.Build.0 = Release|Any CPU
	EndGlobalSection
	GlobalSection(SolutionProperties) = preSolution
		HideSolutionNode = FALSE
	EndGlobalSection
	GlobalSection(ExtensibilityGlobals) = postSolution
		SolutionGuid = {B57F6105-396D-4C8E-9E27-6910FAACAD8A}
	EndGlobalSection
EndGlobal
